// !$*UTF8*$!
{
	archiveVersion = 1;
	classes = {
	};
	objectVersion = 46;
	objects = {

/* Begin PBXBuildFile section */
		5903B7AF1B9E98E50077B763 /* noun_18.png in Resources */ = {isa = PBXBuildFile; fileRef = 5903B7AE1B9E98E50077B763 /* noun_18.png */; };
		5903B7B31B9E999A0077B763 /* found.png in Resources */ = {isa = PBXBuildFile; fileRef = 5903B7B21B9E999A0077B763 /* found.png */; };
		5904DB301B9FD36200EC2A78 /* LocationManager.m in Sources */ = {isa = PBXBuildFile; fileRef = 5904DB2F1B9FD36200EC2A78 /* LocationManager.m */; };
		5904DB331B9FEB6400EC2A78 /* BackgroundTaskManager.m in Sources */ = {isa = PBXBuildFile; fileRef = 5904DB321B9FEB6400EC2A78 /* BackgroundTaskManager.m */; };
		5904DB361B9FECB600EC2A78 /* LocationShareModel.m in Sources */ = {isa = PBXBuildFile; fileRef = 5904DB351B9FECB600EC2A78 /* LocationShareModel.m */; };
		59288DFB1A378F1F0027216B /* Icon-60@2x.png in Resources */ = {isa = PBXBuildFile; fileRef = 59288DFA1A378F1F0027216B /* Icon-60@2x.png */; };
		59288DFD1A3796770027216B /* Icon.png in Resources */ = {isa = PBXBuildFile; fileRef = 59288DFC1A3796770027216B /* Icon.png */; };
		594860CD1AAD474B0078137E /* AddLocationBViewController.m in Sources */ = {isa = PBXBuildFile; fileRef = 594860CC1AAD474B0078137E /* AddLocationBViewController.m */; };
		5957E8AA1B152CBF00A7B44F /* CoreLocation.framework in Frameworks */ = {isa = PBXBuildFile; fileRef = 5957E8A91B152CBF00A7B44F /* CoreLocation.framework */; };
		5957E8AC1B152CC400A7B44F /* CoreBluetooth.framework in Frameworks */ = {isa = PBXBuildFile; fileRef = 5957E8AB1B152CC400A7B44F /* CoreBluetooth.framework */; };
		598D44521A10B1120016484E /* main.m in Sources */ = {isa = PBXBuildFile; fileRef = 598D44511A10B1120016484E /* main.m */; };
		598D44551A10B1120016484E /* AppDelegate.m in Sources */ = {isa = PBXBuildFile; fileRef = 598D44541A10B1120016484E /* AppDelegate.m */; };
		598D445B1A10B1120016484E /* Main.storyboard in Resources */ = {isa = PBXBuildFile; fileRef = 598D44591A10B1120016484E /* Main.storyboard */; };
		598D445D1A10B1120016484E /* Images.xcassets in Resources */ = {isa = PBXBuildFile; fileRef = 598D445C1A10B1120016484E /* Images.xcassets */; };
		598D44601A10B1120016484E /* LaunchScreen.xib in Resources */ = {isa = PBXBuildFile; fileRef = 598D445E1A10B1120016484E /* LaunchScreen.xib */; };
		598D446C1A10B1130016484E /* CrowdFoundTests.m in Sources */ = {isa = PBXBuildFile; fileRef = 598D446B1A10B1130016484E /* CrowdFoundTests.m */; };
		598D44791A10B1960016484E /* RequestViewController.m in Sources */ = {isa = PBXBuildFile; fileRef = 598D44781A10B1960016484E /* RequestViewController.m */; };
		598D44961A11095C0016484E /* RequestDetailViewController.m in Sources */ = {isa = PBXBuildFile; fileRef = 598D44951A11095C0016484E /* RequestDetailViewController.m */; };
		598D44991A1114390016484E /* HelperMapViewController.m in Sources */ = {isa = PBXBuildFile; fileRef = 598D44981A1114390016484E /* HelperMapViewController.m */; };
		59A33D201B695F3100AA10C9 /* lost.png in Resources */ = {isa = PBXBuildFile; fileRef = 59A33D1F1B695F3100AA10C9 /* lost.png */; };
		59C92C951A226F0800B60983 /* TabBarViewController.m in Sources */ = {isa = PBXBuildFile; fileRef = 59C92C941A226F0800B60983 /* TabBarViewController.m */; };
		59E589861A1556A00007E551 /* AddLocationViewController.m in Sources */ = {isa = PBXBuildFile; fileRef = 59E589851A1556A00007E551 /* AddLocationViewController.m */; };
		59E5898B1A1569C90007E551 /* HelperDetailViewController.m in Sources */ = {isa = PBXBuildFile; fileRef = 59E5898A1A1569C90007E551 /* HelperDetailViewController.m */; };
		59E589991A15DA8B0007E551 /* HelperAnnotation.m in Sources */ = {isa = PBXBuildFile; fileRef = 59E589981A15DA8B0007E551 /* HelperAnnotation.m */; };
		59E5899B1A15DFE80007E551 /* helper.png in Resources */ = {isa = PBXBuildFile; fileRef = 59E5899A1A15DFE80007E551 /* helper.png */; };
		59E5899E1A15FBF10007E551 /* MyUser.m in Sources */ = {isa = PBXBuildFile; fileRef = 59E5899D1A15FBF10007E551 /* MyUser.m */; };
		59F2253C1A2A967200012572 /* RouteViewController.m in Sources */ = {isa = PBXBuildFile; fileRef = 59F2253B1A2A967200012572 /* RouteViewController.m */; };
		59F225421A2BD39400012572 /* SignInViewController.m in Sources */ = {isa = PBXBuildFile; fileRef = 59F225411A2BD39400012572 /* SignInViewController.m */; };
		59F225481A2BD3CF00012572 /* SignUpViewController.m in Sources */ = {isa = PBXBuildFile; fileRef = 59F225471A2BD3CF00012572 /* SignUpViewController.m */; };
		59F2254B1A2BE48C00012572 /* ImageViewController.m in Sources */ = {isa = PBXBuildFile; fileRef = 59F2254A1A2BE48C00012572 /* ImageViewController.m */; };
		59F7BC421ADAF9F300CE42B9 /* libz.dylib in Frameworks */ = {isa = PBXBuildFile; fileRef = 59F7BC411ADAF9F300CE42B9 /* libz.dylib */; };
		BC4EE70EAFE803220E68B460 /* libPods.a in Frameworks */ = {isa = PBXBuildFile; fileRef = 6EDA94C6D0F68DFEBA958AC0 /* libPods.a */; };
		ED6FBD861ADB89D900B44BCF /* MySession.m in Sources */ = {isa = PBXBuildFile; fileRef = ED6FBD851ADB89D900B44BCF /* MySession.m */; };
/* End PBXBuildFile section */

/* Begin PBXContainerItemProxy section */
		598D44661A10B1130016484E /* PBXContainerItemProxy */ = {
			isa = PBXContainerItemProxy;
			containerPortal = 598D44441A10B1120016484E /* Project object */;
			proxyType = 1;
			remoteGlobalIDString = 598D444B1A10B1120016484E;
			remoteInfo = CrowdFound;
		};
/* End PBXContainerItemProxy section */

/* Begin PBXFileReference section */
		5903B7AE1B9E98E50077B763 /* noun_18.png */ = {isa = PBXFileReference; lastKnownFileType = image.png; path = noun_18.png; sourceTree = "<group>"; };
		5903B7B21B9E999A0077B763 /* found.png */ = {isa = PBXFileReference; lastKnownFileType = image.png; path = found.png; sourceTree = "<group>"; };
		5904DB2E1B9FD36200EC2A78 /* LocationManager.h */ = {isa = PBXFileReference; fileEncoding = 4; lastKnownFileType = sourcecode.c.h; name = LocationManager.h; path = ../LocationManager.h; sourceTree = "<group>"; };
		5904DB2F1B9FD36200EC2A78 /* LocationManager.m */ = {isa = PBXFileReference; fileEncoding = 4; lastKnownFileType = sourcecode.c.objc; name = LocationManager.m; path = ../LocationManager.m; sourceTree = "<group>"; };
		5904DB311B9FEB6400EC2A78 /* BackgroundTaskManager.h */ = {isa = PBXFileReference; fileEncoding = 4; lastKnownFileType = sourcecode.c.h; path = BackgroundTaskManager.h; sourceTree = "<group>"; };
		5904DB321B9FEB6400EC2A78 /* BackgroundTaskManager.m */ = {isa = PBXFileReference; fileEncoding = 4; lastKnownFileType = sourcecode.c.objc; path = BackgroundTaskManager.m; sourceTree = "<group>"; };
		5904DB341B9FECB600EC2A78 /* LocationShareModel.h */ = {isa = PBXFileReference; fileEncoding = 4; lastKnownFileType = sourcecode.c.h; path = LocationShareModel.h; sourceTree = "<group>"; };
		5904DB351B9FECB600EC2A78 /* LocationShareModel.m */ = {isa = PBXFileReference; fileEncoding = 4; lastKnownFileType = sourcecode.c.objc; path = LocationShareModel.m; sourceTree = "<group>"; };
		59288DFA1A378F1F0027216B /* Icon-60@2x.png */ = {isa = PBXFileReference; lastKnownFileType = image.png; path = "Icon-60@2x.png"; sourceTree = "<group>"; };
		59288DFC1A3796770027216B /* Icon.png */ = {isa = PBXFileReference; lastKnownFileType = image.png; path = Icon.png; sourceTree = "<group>"; };
		594860CB1AAD474B0078137E /* AddLocationBViewController.h */ = {isa = PBXFileReference; fileEncoding = 4; lastKnownFileType = sourcecode.c.h; path = AddLocationBViewController.h; sourceTree = "<group>"; };
		594860CC1AAD474B0078137E /* AddLocationBViewController.m */ = {isa = PBXFileReference; fileEncoding = 4; lastKnownFileType = sourcecode.c.objc; path = AddLocationBViewController.m; sourceTree = "<group>"; };
		5957E8A91B152CBF00A7B44F /* CoreLocation.framework */ = {isa = PBXFileReference; lastKnownFileType = wrapper.framework; name = CoreLocation.framework; path = System/Library/Frameworks/CoreLocation.framework; sourceTree = SDKROOT; };
		5957E8AB1B152CC400A7B44F /* CoreBluetooth.framework */ = {isa = PBXFileReference; lastKnownFileType = wrapper.framework; name = CoreBluetooth.framework; path = System/Library/Frameworks/CoreBluetooth.framework; sourceTree = SDKROOT; };
		598D444C1A10B1120016484E /* CrowdFound.app */ = {isa = PBXFileReference; explicitFileType = wrapper.application; includeInIndex = 0; path = CrowdFound.app; sourceTree = BUILT_PRODUCTS_DIR; };
		598D44501A10B1120016484E /* Info.plist */ = {isa = PBXFileReference; lastKnownFileType = text.plist.xml; path = Info.plist; sourceTree = "<group>"; };
		598D44511A10B1120016484E /* main.m */ = {isa = PBXFileReference; lastKnownFileType = sourcecode.c.objc; path = main.m; sourceTree = "<group>"; };
		598D44531A10B1120016484E /* AppDelegate.h */ = {isa = PBXFileReference; lastKnownFileType = sourcecode.c.h; path = AppDelegate.h; sourceTree = "<group>"; };
		598D44541A10B1120016484E /* AppDelegate.m */ = {isa = PBXFileReference; lastKnownFileType = sourcecode.c.objc; path = AppDelegate.m; sourceTree = "<group>"; };
		598D445A1A10B1120016484E /* Base */ = {isa = PBXFileReference; lastKnownFileType = file.storyboard; name = Base; path = Base.lproj/Main.storyboard; sourceTree = "<group>"; };
		598D445C1A10B1120016484E /* Images.xcassets */ = {isa = PBXFileReference; lastKnownFileType = folder.assetcatalog; path = Images.xcassets; sourceTree = "<group>"; };
		598D445F1A10B1120016484E /* Base */ = {isa = PBXFileReference; lastKnownFileType = file.xib; name = Base; path = Base.lproj/LaunchScreen.xib; sourceTree = "<group>"; };
		598D44651A10B1130016484E /* CrowdFoundTests.xctest */ = {isa = PBXFileReference; explicitFileType = wrapper.cfbundle; includeInIndex = 0; path = CrowdFoundTests.xctest; sourceTree = BUILT_PRODUCTS_DIR; };
		598D446A1A10B1130016484E /* Info.plist */ = {isa = PBXFileReference; lastKnownFileType = text.plist.xml; path = Info.plist; sourceTree = "<group>"; };
		598D446B1A10B1130016484E /* CrowdFoundTests.m */ = {isa = PBXFileReference; lastKnownFileType = sourcecode.c.objc; path = CrowdFoundTests.m; sourceTree = "<group>"; };
		598D44761A10B1660016484E /* Delta.mobileprovision */ = {isa = PBXFileReference; lastKnownFileType = file; path = Delta.mobileprovision; sourceTree = "<group>"; };
		598D44771A10B1960016484E /* RequestViewController.h */ = {isa = PBXFileReference; fileEncoding = 4; lastKnownFileType = sourcecode.c.h; path = RequestViewController.h; sourceTree = "<group>"; };
		598D44781A10B1960016484E /* RequestViewController.m */ = {isa = PBXFileReference; fileEncoding = 4; lastKnownFileType = sourcecode.c.objc; path = RequestViewController.m; sourceTree = "<group>"; };
		598D44941A11095C0016484E /* RequestDetailViewController.h */ = {isa = PBXFileReference; fileEncoding = 4; lastKnownFileType = sourcecode.c.h; path = RequestDetailViewController.h; sourceTree = "<group>"; };
		598D44951A11095C0016484E /* RequestDetailViewController.m */ = {isa = PBXFileReference; fileEncoding = 4; lastKnownFileType = sourcecode.c.objc; path = RequestDetailViewController.m; sourceTree = "<group>"; };
		598D44971A1114390016484E /* HelperMapViewController.h */ = {isa = PBXFileReference; fileEncoding = 4; lastKnownFileType = sourcecode.c.h; path = HelperMapViewController.h; sourceTree = "<group>"; };
		598D44981A1114390016484E /* HelperMapViewController.m */ = {isa = PBXFileReference; fileEncoding = 4; lastKnownFileType = sourcecode.c.objc; path = HelperMapViewController.m; sourceTree = "<group>"; };
		59A33D1F1B695F3100AA10C9 /* lost.png */ = {isa = PBXFileReference; lastKnownFileType = image.png; path = lost.png; sourceTree = "<group>"; };
		59C92C931A226F0800B60983 /* TabBarViewController.h */ = {isa = PBXFileReference; fileEncoding = 4; lastKnownFileType = sourcecode.c.h; path = TabBarViewController.h; sourceTree = "<group>"; };
		59C92C941A226F0800B60983 /* TabBarViewController.m */ = {isa = PBXFileReference; fileEncoding = 4; lastKnownFileType = sourcecode.c.objc; path = TabBarViewController.m; sourceTree = "<group>"; };
		59E589841A1556A00007E551 /* AddLocationViewController.h */ = {isa = PBXFileReference; fileEncoding = 4; lastKnownFileType = sourcecode.c.h; path = AddLocationViewController.h; sourceTree = "<group>"; };
		59E589851A1556A00007E551 /* AddLocationViewController.m */ = {isa = PBXFileReference; fileEncoding = 4; lastKnownFileType = sourcecode.c.objc; path = AddLocationViewController.m; sourceTree = "<group>"; };
		59E589891A1569C90007E551 /* HelperDetailViewController.h */ = {isa = PBXFileReference; fileEncoding = 4; lastKnownFileType = sourcecode.c.h; path = HelperDetailViewController.h; sourceTree = "<group>"; };
		59E5898A1A1569C90007E551 /* HelperDetailViewController.m */ = {isa = PBXFileReference; fileEncoding = 4; lastKnownFileType = sourcecode.c.objc; path = HelperDetailViewController.m; sourceTree = "<group>"; };
		59E589971A15DA8B0007E551 /* HelperAnnotation.h */ = {isa = PBXFileReference; fileEncoding = 4; lastKnownFileType = sourcecode.c.h; path = HelperAnnotation.h; sourceTree = "<group>"; };
		59E589981A15DA8B0007E551 /* HelperAnnotation.m */ = {isa = PBXFileReference; fileEncoding = 4; lastKnownFileType = sourcecode.c.objc; path = HelperAnnotation.m; sourceTree = "<group>"; };
		59E5899A1A15DFE80007E551 /* helper.png */ = {isa = PBXFileReference; lastKnownFileType = image.png; path = helper.png; sourceTree = "<group>"; };
		59E5899C1A15FBF10007E551 /* MyUser.h */ = {isa = PBXFileReference; fileEncoding = 4; lastKnownFileType = sourcecode.c.h; path = MyUser.h; sourceTree = "<group>"; };
		59E5899D1A15FBF10007E551 /* MyUser.m */ = {isa = PBXFileReference; fileEncoding = 4; lastKnownFileType = sourcecode.c.objc; path = MyUser.m; sourceTree = "<group>"; };
		59F2253A1A2A967200012572 /* RouteViewController.h */ = {isa = PBXFileReference; fileEncoding = 4; lastKnownFileType = sourcecode.c.h; name = RouteViewController.h; path = ../RouteViewController.h; sourceTree = "<group>"; };
		59F2253B1A2A967200012572 /* RouteViewController.m */ = {isa = PBXFileReference; fileEncoding = 4; lastKnownFileType = sourcecode.c.objc; name = RouteViewController.m; path = ../RouteViewController.m; sourceTree = "<group>"; };
		59F225401A2BD39400012572 /* SignInViewController.h */ = {isa = PBXFileReference; fileEncoding = 4; lastKnownFileType = sourcecode.c.h; path = SignInViewController.h; sourceTree = "<group>"; };
		59F225411A2BD39400012572 /* SignInViewController.m */ = {isa = PBXFileReference; fileEncoding = 4; lastKnownFileType = sourcecode.c.objc; path = SignInViewController.m; sourceTree = "<group>"; };
		59F225461A2BD3CF00012572 /* SignUpViewController.h */ = {isa = PBXFileReference; fileEncoding = 4; lastKnownFileType = sourcecode.c.h; path = SignUpViewController.h; sourceTree = "<group>"; };
		59F225471A2BD3CF00012572 /* SignUpViewController.m */ = {isa = PBXFileReference; fileEncoding = 4; lastKnownFileType = sourcecode.c.objc; path = SignUpViewController.m; sourceTree = "<group>"; };
		59F225491A2BE48C00012572 /* ImageViewController.h */ = {isa = PBXFileReference; fileEncoding = 4; lastKnownFileType = sourcecode.c.h; path = ImageViewController.h; sourceTree = "<group>"; };
		59F2254A1A2BE48C00012572 /* ImageViewController.m */ = {isa = PBXFileReference; fileEncoding = 4; lastKnownFileType = sourcecode.c.objc; path = ImageViewController.m; sourceTree = "<group>"; };
		59F7BC411ADAF9F300CE42B9 /* libz.dylib */ = {isa = PBXFileReference; lastKnownFileType = "compiled.mach-o.dylib"; name = libz.dylib; path = usr/lib/libz.dylib; sourceTree = SDKROOT; };
		6EDA94C6D0F68DFEBA958AC0 /* libPods.a */ = {isa = PBXFileReference; explicitFileType = archive.ar; includeInIndex = 0; path = libPods.a; sourceTree = BUILT_PRODUCTS_DIR; };
		88EBDA3AE285DE4AC20062F4 /* Pods.release.xcconfig */ = {isa = PBXFileReference; includeInIndex = 1; lastKnownFileType = text.xcconfig; name = Pods.release.xcconfig; path = "Pods/Target Support Files/Pods/Pods.release.xcconfig"; sourceTree = "<group>"; };
		98F4DA191E76F8AD28C9527E /* Pods.debug.xcconfig */ = {isa = PBXFileReference; includeInIndex = 1; lastKnownFileType = text.xcconfig; name = Pods.debug.xcconfig; path = "Pods/Target Support Files/Pods/Pods.debug.xcconfig"; sourceTree = "<group>"; };
		ED6FBD841ADB89D900B44BCF /* MySession.h */ = {isa = PBXFileReference; fileEncoding = 4; lastKnownFileType = sourcecode.c.h; path = MySession.h; sourceTree = "<group>"; };
		ED6FBD851ADB89D900B44BCF /* MySession.m */ = {isa = PBXFileReference; fileEncoding = 4; lastKnownFileType = sourcecode.c.objc; path = MySession.m; sourceTree = "<group>"; };
/* End PBXFileReference section */

/* Begin PBXFrameworksBuildPhase section */
		598D44491A10B1120016484E /* Frameworks */ = {
			isa = PBXFrameworksBuildPhase;
			buildActionMask = 2147483647;
			files = (
				5957E8AC1B152CC400A7B44F /* CoreBluetooth.framework in Frameworks */,
				5957E8AA1B152CBF00A7B44F /* CoreLocation.framework in Frameworks */,
				59F7BC421ADAF9F300CE42B9 /* libz.dylib in Frameworks */,
				BC4EE70EAFE803220E68B460 /* libPods.a in Frameworks */,
			);
			runOnlyForDeploymentPostprocessing = 0;
		};
		598D44621A10B1130016484E /* Frameworks */ = {
			isa = PBXFrameworksBuildPhase;
			buildActionMask = 2147483647;
			files = (
			);
			runOnlyForDeploymentPostprocessing = 0;
		};
/* End PBXFrameworksBuildPhase section */

/* Begin PBXGroup section */
		3CC46AA88FBDD26CA531864E /* Frameworks */ = {
			isa = PBXGroup;
			children = (
				5957E8AB1B152CC400A7B44F /* CoreBluetooth.framework */,
				5957E8A91B152CBF00A7B44F /* CoreLocation.framework */,
				59F7BC411ADAF9F300CE42B9 /* libz.dylib */,
				6EDA94C6D0F68DFEBA958AC0 /* libPods.a */,
			);
			name = Frameworks;
			sourceTree = "<group>";
		};
		598D44431A10B1120016484E = {
			isa = PBXGroup;
			children = (
				598D44761A10B1660016484E /* Delta.mobileprovision */,
				598D444E1A10B1120016484E /* CrowdFound */,
				598D44681A10B1130016484E /* CrowdFoundTests */,
				598D444D1A10B1120016484E /* Products */,
				5E939D6CDCE3288CAF9D19F5 /* Pods */,
				3CC46AA88FBDD26CA531864E /* Frameworks */,
			);
			sourceTree = "<group>";
		};
		598D444D1A10B1120016484E /* Products */ = {
			isa = PBXGroup;
			children = (
				598D444C1A10B1120016484E /* CrowdFound.app */,
				598D44651A10B1130016484E /* CrowdFoundTests.xctest */,
			);
			name = Products;
			sourceTree = "<group>";
		};
		598D444E1A10B1120016484E /* CrowdFound */ = {
			isa = PBXGroup;
			children = (
				5904DB2E1B9FD36200EC2A78 /* LocationManager.h */,
				5904DB2F1B9FD36200EC2A78 /* LocationManager.m */,
				5904DB311B9FEB6400EC2A78 /* BackgroundTaskManager.h */,
				5904DB321B9FEB6400EC2A78 /* BackgroundTaskManager.m */,
				5904DB341B9FECB600EC2A78 /* LocationShareModel.h */,
				5904DB351B9FECB600EC2A78 /* LocationShareModel.m */,
				59E589971A15DA8B0007E551 /* HelperAnnotation.h */,
				59E589981A15DA8B0007E551 /* HelperAnnotation.m */,
				59E5899C1A15FBF10007E551 /* MyUser.h */,
				59E5899D1A15FBF10007E551 /* MyUser.m */,
				598D44531A10B1120016484E /* AppDelegate.h */,
				598D44541A10B1120016484E /* AppDelegate.m */,
				598D44591A10B1120016484E /* Main.storyboard */,
				59F225491A2BE48C00012572 /* ImageViewController.h */,
				59F2254A1A2BE48C00012572 /* ImageViewController.m */,
				59C92C931A226F0800B60983 /* TabBarViewController.h */,
				59C92C941A226F0800B60983 /* TabBarViewController.m */,
				59E5898F1A15B3960007E551 /* Login */,
				59E589871A1563D10007E551 /* Requester */,
				59E589881A1566B10007E551 /* Helper */,
				598D445C1A10B1120016484E /* Images.xcassets */,
				598D445E1A10B1120016484E /* LaunchScreen.xib */,
				598D444F1A10B1120016484E /* Supporting Files */,
				ED6FBD841ADB89D900B44BCF /* MySession.h */,
				ED6FBD851ADB89D900B44BCF /* MySession.m */,
			);
			path = CrowdFound;
			sourceTree = "<group>";
		};
		598D444F1A10B1120016484E /* Supporting Files */ = {
			isa = PBXGroup;
			children = (
				59A33D1F1B695F3100AA10C9 /* lost.png */,
				59288DFC1A3796770027216B /* Icon.png */,
				59288DFA1A378F1F0027216B /* Icon-60@2x.png */,
				5903B7AE1B9E98E50077B763 /* noun_18.png */,
				5903B7B21B9E999A0077B763 /* found.png */,
				59E5899A1A15DFE80007E551 /* helper.png */,
				598D44771A10B1960016484E /* RequestViewController.h */,
				598D44781A10B1960016484E /* RequestViewController.m */,
				598D44501A10B1120016484E /* Info.plist */,
				598D44511A10B1120016484E /* main.m */,
			);
			name = "Supporting Files";
			sourceTree = "<group>";
		};
		598D44681A10B1130016484E /* CrowdFoundTests */ = {
			isa = PBXGroup;
			children = (
				598D446B1A10B1130016484E /* CrowdFoundTests.m */,
				598D44691A10B1130016484E /* Supporting Files */,
			);
			path = CrowdFoundTests;
			sourceTree = "<group>";
		};
		598D44691A10B1130016484E /* Supporting Files */ = {
			isa = PBXGroup;
			children = (
				598D446A1A10B1130016484E /* Info.plist */,
			);
			name = "Supporting Files";
			sourceTree = "<group>";
		};
		59E589871A1563D10007E551 /* Requester */ = {
			isa = PBXGroup;
			children = (
				598D44941A11095C0016484E /* RequestDetailViewController.h */,
				598D44951A11095C0016484E /* RequestDetailViewController.m */,
				59E589841A1556A00007E551 /* AddLocationViewController.h */,
				59E589851A1556A00007E551 /* AddLocationViewController.m */,
				594860CB1AAD474B0078137E /* AddLocationBViewController.h */,
				594860CC1AAD474B0078137E /* AddLocationBViewController.m */,
			);
			name = Requester;
			sourceTree = "<group>";
		};
		59E589881A1566B10007E551 /* Helper */ = {
			isa = PBXGroup;
			children = (
				59F2253A1A2A967200012572 /* RouteViewController.h */,
				59F2253B1A2A967200012572 /* RouteViewController.m */,
				598D44971A1114390016484E /* HelperMapViewController.h */,
				598D44981A1114390016484E /* HelperMapViewController.m */,
				59E589891A1569C90007E551 /* HelperDetailViewController.h */,
				59E5898A1A1569C90007E551 /* HelperDetailViewController.m */,
			);
			name = Helper;
			sourceTree = "<group>";
		};
		59E5898F1A15B3960007E551 /* Login */ = {
			isa = PBXGroup;
			children = (
				59F225401A2BD39400012572 /* SignInViewController.h */,
				59F225411A2BD39400012572 /* SignInViewController.m */,
				59F225461A2BD3CF00012572 /* SignUpViewController.h */,
				59F225471A2BD3CF00012572 /* SignUpViewController.m */,
			);
			name = Login;
			sourceTree = "<group>";
		};
		5E939D6CDCE3288CAF9D19F5 /* Pods */ = {
			isa = PBXGroup;
			children = (
				98F4DA191E76F8AD28C9527E /* Pods.debug.xcconfig */,
				88EBDA3AE285DE4AC20062F4 /* Pods.release.xcconfig */,
			);
			name = Pods;
			sourceTree = "<group>";
		};
/* End PBXGroup section */

/* Begin PBXNativeTarget section */
		598D444B1A10B1120016484E /* CrowdFound */ = {
			isa = PBXNativeTarget;
			buildConfigurationList = 598D446F1A10B1130016484E /* Build configuration list for PBXNativeTarget "CrowdFound" */;
			buildPhases = (
				ED7573308316CCFAAC8773CE /* Check Pods Manifest.lock */,
				598D44481A10B1120016484E /* Sources */,
				598D44491A10B1120016484E /* Frameworks */,
				598D444A1A10B1120016484E /* Resources */,
				7E541F4A849F671F5082DFF5 /* Copy Pods Resources */,
			);
			buildRules = (
			);
			dependencies = (
			);
			name = CrowdFound;
			productName = CrowdFound;
			productReference = 598D444C1A10B1120016484E /* CrowdFound.app */;
			productType = "com.apple.product-type.application";
		};
		598D44641A10B1130016484E /* CrowdFoundTests */ = {
			isa = PBXNativeTarget;
			buildConfigurationList = 598D44721A10B1130016484E /* Build configuration list for PBXNativeTarget "CrowdFoundTests" */;
			buildPhases = (
				598D44611A10B1130016484E /* Sources */,
				598D44621A10B1130016484E /* Frameworks */,
				598D44631A10B1130016484E /* Resources */,
			);
			buildRules = (
			);
			dependencies = (
				598D44671A10B1130016484E /* PBXTargetDependency */,
			);
			name = CrowdFoundTests;
			productName = CrowdFoundTests;
			productReference = 598D44651A10B1130016484E /* CrowdFoundTests.xctest */;
			productType = "com.apple.product-type.bundle.unit-test";
		};
/* End PBXNativeTarget section */

/* Begin PBXProject section */
		598D44441A10B1120016484E /* Project object */ = {
			isa = PBXProject;
			attributes = {
				LastUpgradeCheck = 0610;
				ORGANIZATIONNAME = YK;
				TargetAttributes = {
					598D444B1A10B1120016484E = {
						CreatedOnToolsVersion = 6.1;
						DevelopmentTeam = W4E2C6X642;
						SystemCapabilities = {
							com.apple.BackgroundModes = {
								enabled = 1;
							};
						};
					};
					598D44641A10B1130016484E = {
						CreatedOnToolsVersion = 6.1;
						TestTargetID = 598D444B1A10B1120016484E;
					};
				};
			};
			buildConfigurationList = 598D44471A10B1120016484E /* Build configuration list for PBXProject "CrowdFound" */;
			compatibilityVersion = "Xcode 3.2";
			developmentRegion = English;
			hasScannedForEncodings = 0;
			knownRegions = (
				en,
				Base,
			);
			mainGroup = 598D44431A10B1120016484E;
			productRefGroup = 598D444D1A10B1120016484E /* Products */;
			projectDirPath = "";
			projectRoot = "";
			targets = (
				598D444B1A10B1120016484E /* CrowdFound */,
				598D44641A10B1130016484E /* CrowdFoundTests */,
			);
		};
/* End PBXProject section */

/* Begin PBXResourcesBuildPhase section */
		598D444A1A10B1120016484E /* Resources */ = {
			isa = PBXResourcesBuildPhase;
			buildActionMask = 2147483647;
			files = (
				598D445B1A10B1120016484E /* Main.storyboard in Resources */,
				59E5899B1A15DFE80007E551 /* helper.png in Resources */,
				598D44601A10B1120016484E /* LaunchScreen.xib in Resources */,
				5903B7B31B9E999A0077B763 /* found.png in Resources */,
				598D445D1A10B1120016484E /* Images.xcassets in Resources */,
				59288DFD1A3796770027216B /* Icon.png in Resources */,
				59A33D201B695F3100AA10C9 /* lost.png in Resources */,
				5903B7AF1B9E98E50077B763 /* noun_18.png in Resources */,
				59288DFB1A378F1F0027216B /* Icon-60@2x.png in Resources */,
			);
			runOnlyForDeploymentPostprocessing = 0;
		};
		598D44631A10B1130016484E /* Resources */ = {
			isa = PBXResourcesBuildPhase;
			buildActionMask = 2147483647;
			files = (
			);
			runOnlyForDeploymentPostprocessing = 0;
		};
/* End PBXResourcesBuildPhase section */

/* Begin PBXShellScriptBuildPhase section */
		7E541F4A849F671F5082DFF5 /* Copy Pods Resources */ = {
			isa = PBXShellScriptBuildPhase;
			buildActionMask = 2147483647;
			files = (
			);
			inputPaths = (
			);
			name = "Copy Pods Resources";
			outputPaths = (
			);
			runOnlyForDeploymentPostprocessing = 0;
			shellPath = /bin/sh;
			shellScript = "\"${SRCROOT}/Pods/Target Support Files/Pods/Pods-resources.sh\"\n";
			showEnvVarsInLog = 0;
		};
		ED7573308316CCFAAC8773CE /* Check Pods Manifest.lock */ = {
			isa = PBXShellScriptBuildPhase;
			buildActionMask = 2147483647;
			files = (
			);
			inputPaths = (
			);
			name = "Check Pods Manifest.lock";
			outputPaths = (
			);
			runOnlyForDeploymentPostprocessing = 0;
			shellPath = /bin/sh;
			shellScript = "diff \"${PODS_ROOT}/../Podfile.lock\" \"${PODS_ROOT}/Manifest.lock\" > /dev/null\nif [[ $? != 0 ]] ; then\n    cat << EOM\nerror: The sandbox is not in sync with the Podfile.lock. Run 'pod install' or update your CocoaPods installation.\nEOM\n    exit 1\nfi\n";
			showEnvVarsInLog = 0;
		};
/* End PBXShellScriptBuildPhase section */

/* Begin PBXSourcesBuildPhase section */
		598D44481A10B1120016484E /* Sources */ = {
			isa = PBXSourcesBuildPhase;
			buildActionMask = 2147483647;
			files = (
				ED6FBD861ADB89D900B44BCF /* MySession.m in Sources */,
				59F225421A2BD39400012572 /* SignInViewController.m in Sources */,
				59E589861A1556A00007E551 /* AddLocationViewController.m in Sources */,
				59F2254B1A2BE48C00012572 /* ImageViewController.m in Sources */,
				598D44991A1114390016484E /* HelperMapViewController.m in Sources */,
				59C92C951A226F0800B60983 /* TabBarViewController.m in Sources */,
				59E5898B1A1569C90007E551 /* HelperDetailViewController.m in Sources */,
				59E5899E1A15FBF10007E551 /* MyUser.m in Sources */,
				5904DB301B9FD36200EC2A78 /* LocationManager.m in Sources */,
				598D44551A10B1120016484E /* AppDelegate.m in Sources */,
				594860CD1AAD474B0078137E /* AddLocationBViewController.m in Sources */,
				598D44961A11095C0016484E /* RequestDetailViewController.m in Sources */,
				59E589991A15DA8B0007E551 /* HelperAnnotation.m in Sources */,
				598D44791A10B1960016484E /* RequestViewController.m in Sources */,
				5904DB361B9FECB600EC2A78 /* LocationShareModel.m in Sources */,
				59F225481A2BD3CF00012572 /* SignUpViewController.m in Sources */,
				598D44521A10B1120016484E /* main.m in Sources */,
				5904DB331B9FEB6400EC2A78 /* BackgroundTaskManager.m in Sources */,
				59F2253C1A2A967200012572 /* RouteViewController.m in Sources */,
			);
			runOnlyForDeploymentPostprocessing = 0;
		};
		598D44611A10B1130016484E /* Sources */ = {
			isa = PBXSourcesBuildPhase;
			buildActionMask = 2147483647;
			files = (
				598D446C1A10B1130016484E /* CrowdFoundTests.m in Sources */,
			);
			runOnlyForDeploymentPostprocessing = 0;
		};
/* End PBXSourcesBuildPhase section */

/* Begin PBXTargetDependency section */
		598D44671A10B1130016484E /* PBXTargetDependency */ = {
			isa = PBXTargetDependency;
			target = 598D444B1A10B1120016484E /* CrowdFound */;
			targetProxy = 598D44661A10B1130016484E /* PBXContainerItemProxy */;
		};
/* End PBXTargetDependency section */

/* Begin PBXVariantGroup section */
		598D44591A10B1120016484E /* Main.storyboard */ = {
			isa = PBXVariantGroup;
			children = (
				598D445A1A10B1120016484E /* Base */,
			);
			name = Main.storyboard;
			sourceTree = "<group>";
		};
		598D445E1A10B1120016484E /* LaunchScreen.xib */ = {
			isa = PBXVariantGroup;
			children = (
				598D445F1A10B1120016484E /* Base */,
			);
			name = LaunchScreen.xib;
			sourceTree = "<group>";
		};
/* End PBXVariantGroup section */

/* Begin XCBuildConfiguration section */
		598D446D1A10B1130016484E /* Debug */ = {
			isa = XCBuildConfiguration;
			buildSettings = {
				ALWAYS_SEARCH_USER_PATHS = NO;
				CLANG_CXX_LANGUAGE_STANDARD = "gnu++0x";
				CLANG_CXX_LIBRARY = "libc++";
				CLANG_ENABLE_MODULES = YES;
				CLANG_ENABLE_OBJC_ARC = YES;
				CLANG_WARN_BOOL_CONVERSION = YES;
				CLANG_WARN_CONSTANT_CONVERSION = YES;
				CLANG_WARN_DIRECT_OBJC_ISA_USAGE = YES_ERROR;
				CLANG_WARN_EMPTY_BODY = YES;
				CLANG_WARN_ENUM_CONVERSION = YES;
				CLANG_WARN_INT_CONVERSION = YES;
				CLANG_WARN_OBJC_ROOT_CLASS = YES_ERROR;
				CLANG_WARN_UNREACHABLE_CODE = YES;
				CLANG_WARN__DUPLICATE_METHOD_MATCH = YES;
				"CODE_SIGN_IDENTITY[sdk=iphoneos*]" = "iPhone Developer";
				COPY_PHASE_STRIP = NO;
				ENABLE_STRICT_OBJC_MSGSEND = YES;
				GCC_C_LANGUAGE_STANDARD = gnu99;
				GCC_DYNAMIC_NO_PIC = NO;
				GCC_OPTIMIZATION_LEVEL = 0;
				GCC_PREPROCESSOR_DEFINITIONS = (
					"DEBUG=1",
					"$(inherited)",
				);
				GCC_SYMBOLS_PRIVATE_EXTERN = NO;
				GCC_WARN_64_TO_32_BIT_CONVERSION = YES;
				GCC_WARN_ABOUT_RETURN_TYPE = YES_ERROR;
				GCC_WARN_UNDECLARED_SELECTOR = YES;
				GCC_WARN_UNINITIALIZED_AUTOS = YES_AGGRESSIVE;
				GCC_WARN_UNUSED_FUNCTION = YES;
				GCC_WARN_UNUSED_VARIABLE = YES;
				IPHONEOS_DEPLOYMENT_TARGET = 8.1;
				MTL_ENABLE_DEBUG_INFO = YES;
				ONLY_ACTIVE_ARCH = YES;
				SDKROOT = iphoneos;
			};
			name = Debug;
		};
		598D446E1A10B1130016484E /* Release */ = {
			isa = XCBuildConfiguration;
			buildSettings = {
				ALWAYS_SEARCH_USER_PATHS = NO;
				CLANG_CXX_LANGUAGE_STANDARD = "gnu++0x";
				CLANG_CXX_LIBRARY = "libc++";
				CLANG_ENABLE_MODULES = YES;
				CLANG_ENABLE_OBJC_ARC = YES;
				CLANG_WARN_BOOL_CONVERSION = YES;
				CLANG_WARN_CONSTANT_CONVERSION = YES;
				CLANG_WARN_DIRECT_OBJC_ISA_USAGE = YES_ERROR;
				CLANG_WARN_EMPTY_BODY = YES;
				CLANG_WARN_ENUM_CONVERSION = YES;
				CLANG_WARN_INT_CONVERSION = YES;
				CLANG_WARN_OBJC_ROOT_CLASS = YES_ERROR;
				CLANG_WARN_UNREACHABLE_CODE = YES;
				CLANG_WARN__DUPLICATE_METHOD_MATCH = YES;
				"CODE_SIGN_IDENTITY[sdk=iphoneos*]" = "iPhone Developer";
				COPY_PHASE_STRIP = YES;
				ENABLE_NS_ASSERTIONS = NO;
				ENABLE_STRICT_OBJC_MSGSEND = YES;
				GCC_C_LANGUAGE_STANDARD = gnu99;
				GCC_WARN_64_TO_32_BIT_CONVERSION = YES;
				GCC_WARN_ABOUT_RETURN_TYPE = YES_ERROR;
				GCC_WARN_UNDECLARED_SELECTOR = YES;
				GCC_WARN_UNINITIALIZED_AUTOS = YES_AGGRESSIVE;
				GCC_WARN_UNUSED_FUNCTION = YES;
				GCC_WARN_UNUSED_VARIABLE = YES;
				IPHONEOS_DEPLOYMENT_TARGET = 8.1;
				MTL_ENABLE_DEBUG_INFO = NO;
				SDKROOT = iphoneos;
				VALIDATE_PRODUCT = YES;
			};
			name = Release;
		};
		598D44701A10B1130016484E /* Debug */ = {
			isa = XCBuildConfiguration;
			baseConfigurationReference = 98F4DA191E76F8AD28C9527E /* Pods.debug.xcconfig */;
			buildSettings = {
				ASSETCATALOG_COMPILER_APPICON_NAME = AppIcon;
				ASSETCATALOG_COMPILER_LAUNCHIMAGE_NAME = LaunchImage;
				CODE_SIGN_IDENTITY = "iPhone Distribution: Northwestern University";
				"CODE_SIGN_IDENTITY[sdk=iphoneos*]" = "iPhone Distribution: Northwestern University";
				FRAMEWORK_SEARCH_PATHS = (
					"$(inherited)",
					"$(PROJECT_DIR)",
				);
				INFOPLIST_FILE = CrowdFound/Info.plist;
				IPHONEOS_DEPLOYMENT_TARGET = 7.0;
				LD_RUNPATH_SEARCH_PATHS = "$(inherited) @executable_path/Frameworks";
				PRODUCT_NAME = "$(TARGET_NAME)";
				PROVISIONING_PROFILE = "228df4d3-4dc3-45b4-9b57-f30e5c4da934";
			};
			name = Debug;
		};
		598D44711A10B1130016484E /* Release */ = {
			isa = XCBuildConfiguration;
			baseConfigurationReference = 88EBDA3AE285DE4AC20062F4 /* Pods.release.xcconfig */;
			buildSettings = {
				ASSETCATALOG_COMPILER_APPICON_NAME = AppIcon;
				ASSETCATALOG_COMPILER_LAUNCHIMAGE_NAME = LaunchImage;
				CODE_SIGN_IDENTITY = "iPhone Distribution: Northwestern University";
				"CODE_SIGN_IDENTITY[sdk=iphoneos*]" = "iPhone Distribution: Northwestern University";
				FRAMEWORK_SEARCH_PATHS = (
					"$(inherited)",
					"$(PROJECT_DIR)",
				);
				INFOPLIST_FILE = CrowdFound/Info.plist;
				IPHONEOS_DEPLOYMENT_TARGET = 7.0;
				LD_RUNPATH_SEARCH_PATHS = "$(inherited) @executable_path/Frameworks";
				PRODUCT_NAME = "$(TARGET_NAME)";
				PROVISIONING_PROFILE = "228df4d3-4dc3-45b4-9b57-f30e5c4da934";
			};
			name = Release;
		};
		598D44731A10B1130016484E /* Debug */ = {
			isa = XCBuildConfiguration;
			buildSettings = {
				BUNDLE_LOADER = "$(TEST_HOST)";
				FRAMEWORK_SEARCH_PATHS = (
					"$(SDKROOT)/Developer/Library/Frameworks",
					"$(inherited)",
				);
				GCC_PREPROCESSOR_DEFINITIONS = (
					"DEBUG=1",
					"$(inherited)",
				);
				INFOPLIST_FILE = CrowdFoundTests/Info.plist;
				LD_RUNPATH_SEARCH_PATHS = "$(inherited) @executable_path/Frameworks @loader_path/Frameworks";
				PRODUCT_NAME = "$(TARGET_NAME)";
				TEST_HOST = "$(BUILT_PRODUCTS_DIR)/CrowdFound.app/CrowdFound";
			};
			name = Debug;
		};
		598D44741A10B1130016484E /* Release */ = {
			isa = XCBuildConfiguration;
			buildSettings = {
				BUNDLE_LOADER = "$(TEST_HOST)";
				FRAMEWORK_SEARCH_PATHS = (
					"$(SDKROOT)/Developer/Library/Frameworks",
					"$(inherited)",
				);
				INFOPLIST_FILE = CrowdFoundTests/Info.plist;
				LD_RUNPATH_SEARCH_PATHS = "$(inherited) @executable_path/Frameworks @loader_path/Frameworks";
				PRODUCT_NAME = "$(TARGET_NAME)";
				TEST_HOST = "$(BUILT_PRODUCTS_DIR)/CrowdFound.app/CrowdFound";
			};
			name = Release;
		};
/* End XCBuildConfiguration section */

/* Begin XCConfigurationList section */
		598D44471A10B1120016484E /* Build configuration list for PBXProject "CrowdFound" */ = {
			isa = XCConfigurationList;
			buildConfigurations = (
				598D446D1A10B1130016484E /* Debug */,
				598D446E1A10B1130016484E /* Release */,
			);
			defaultConfigurationIsVisible = 0;
			defaultConfigurationName = Release;
		};
		598D446F1A10B1130016484E /* Build configuration list for PBXNativeTarget "CrowdFound" */ = {
			isa = XCConfigurationList;
			buildConfigurations = (
				598D44701A10B1130016484E /* Debug */,
				598D44711A10B1130016484E /* Release */,
			);
			defaultConfigurationIsVisible = 0;
			defaultConfigurationName = Release;
		};
		598D44721A10B1130016484E /* Build configuration list for PBXNativeTarget "CrowdFoundTests" */ = {
			isa = XCConfigurationList;
			buildConfigurations = (
				598D44731A10B1130016484E /* Debug */,
				598D44741A10B1130016484E /* Release */,
			);
			defaultConfigurationIsVisible = 0;
			defaultConfigurationName = Release;
		};
/* End XCConfigurationList section */
	};
	rootObject = 598D44441A10B1120016484E /* Project object */;
}
